
Microsoft Visual Studio Solution File, Format Version 12.00
# Visual Studio Version 17
VisualStudioVersion = 17.13.35931.197
MinimumVisualStudioVersion = 10.0.40219.1
Project("{FAE04EC0-301F-11D3-BF4B-00C04F79EFBC}") = "Enums in C#", "Enums in C#\Enums in C#.csproj", "{8740B7BC-4CEE-4BC0-ACCA-0AB212F4FBDA}"
EndProject
Project("{FAE04EC0-301F-11D3-BF4B-00C04F79EFBC}") = "Structure  in C#", "Structure  in C#\Structure  in C#.csproj", "{D730642E-BE40-4F32-B4D0-15BA1D87FD95}"
EndProject
Project("{FAE04EC0-301F-11D3-BF4B-00C04F79EFBC}") = "NullAble in C#", "NullAble in C#\NullAble in C#.csproj", "{F07C891B-EB5C-452F-84F8-8B67BF4BF099}"
EndProject
Project("{FAE04EC0-301F-11D3-BF4B-00C04F79EFBC}") = "Anomymous_Class in C#", "Anomymous_Class in C#\Anomymous_Class in C#.csproj", "{97476078-F2FB-45CF-BC89-F984410CD684}"
EndProject
Project("{FAE04EC0-301F-11D3-BF4B-00C04F79EFBC}") = "Dynamic Word in C#", "Dynamic Word in C#\Dynamic Word in C#.csproj", "{CFF9DFED-F5A5-463B-A146-B4FD4F258C0E}"
EndProject
Project("{FAE04EC0-301F-11D3-BF4B-00C04F79EFBC}") = "DateTime in C#", "DateTime in C#\DateTime in C#.csproj", "{42DE89F7-056F-4074-98A6-FB63ED0B9A68}"
EndProject
Project("{FAE04EC0-301F-11D3-BF4B-00C04F79EFBC}") = "Ticks in C#", "Ticks in C#\Ticks in C#.csproj", "{3B0CD0DB-B160-4D09-B174-FCFC9E83B915}"
EndProject
Project("{FAE04EC0-301F-11D3-BF4B-00C04F79EFBC}") = "StopWatch in C#", "Stopwatch in C#\StopWatch in C#.csproj", "{75E1CE64-192F-44AC-9B22-D3186D667D2A}"
EndProject
Project("{FAE04EC0-301F-11D3-BF4B-00C04F79EFBC}") = "Defalut Value in C#", "Defalut Value in C#\Defalut Value in C#.csproj", "{C1EFA09A-4FFC-49FB-9F88-CEE717812634}"
EndProject
Project("{FAE04EC0-301F-11D3-BF4B-00C04F79EFBC}") = "Strings In C#", "Strings In C#\Strings In C#.csproj", "{078BF454-297C-43EF-8D92-CEA12D95EF22}"
EndProject
Project("{FAE04EC0-301F-11D3-BF4B-00C04F79EFBC}") = "TypeCasting In C#", "TypeCasting In C#\TypeCasting In C#.csproj", "{26FB9720-BC68-42AD-BBB9-5AC726322BD2}"
EndProject
Project("{FAE04EC0-301F-11D3-BF4B-00C04F79EFBC}") = "Convert in C#", "Convert in C#\Convert in C#.csproj", "{CF142600-501D-4B57-AE8C-FB95E3E19B57}"
EndProject
Project("{FAE04EC0-301F-11D3-BF4B-00C04F79EFBC}") = "Assignment Operator In C#", "Assignment Operator In C#\Assignment Operator In C#.csproj", "{56DC622B-A985-4CE8-88F6-780386735A9E}"
EndProject
Project("{FAE04EC0-301F-11D3-BF4B-00C04F79EFBC}") = "Array in C#", "Array in C#\Array in C#.csproj", "{E2B7DC41-36CB-4133-983B-D450FCB07B9F}"
EndProject
Project("{FAE04EC0-301F-11D3-BF4B-00C04F79EFBC}") = "system.linq library in C#", "system.linq library in C#\system.linq library in C#.csproj", "{57419C6C-20ED-47EC-A199-780A4953D108}"
EndProject
Project("{FAE04EC0-301F-11D3-BF4B-00C04F79EFBC}") = "C# Math", "C# Math\C# Math.csproj", "{0CB9C727-24CE-41E8-8D27-2CEE135F4A2C}"
EndProject
Project("{2150E333-8FDC-42A3-9474-1A3956D46DE8}") = "Fundamentals", "Fundamentals", "{02EA681E-C7D8-13C7-8484-4AC65E1B71E8}"
EndProject
Project("{FAE04EC0-301F-11D3-BF4B-00C04F79EFBC}") = "WindowsFormsApp1", "WindowsFormsApp1\WindowsFormsApp1.csproj", "{865B2C19-505C-4C2C-A129-222ED3863E7C}"
EndProject
Project("{2150E333-8FDC-42A3-9474-1A3956D46DE8}") = "fundamental_GUI", "fundamental_GUI", "{48A7AD1E-7714-4571-8762-D57F4250626E}"
EndProject
Project("{FAE04EC0-301F-11D3-BF4B-00C04F79EFBC}") = "Pizza_Station", "Pizza_Station\Pizza_Station.csproj", "{E579D878-5365-4EFE-8565-F3D284E1E185}"
EndProject
Project("{2150E333-8FDC-42A3-9474-1A3956D46DE8}") = "My_Pizza_Station", "My_Pizza_Station", "{350716AE-A26A-4C3E-AEEC-D919E9AFC0E2}"
EndProject
Project("{2150E333-8FDC-42A3-9474-1A3956D46DE8}") = "Tic_Tac_Toe Game", "Tic_Tac_Toe Game", "{F20C5F75-5D9B-47AB-8EFA-F3586A1CABC1}"
EndProject
Project("{FAE04EC0-301F-11D3-BF4B-00C04F79EFBC}") = "Tic_Tac_Toe Game", "Tic_Tac_Toe Game\Tic_Tac_Toe Game.csproj", "{305552DE-E690-48E8-84DA-F243DD6CD71D}"
EndProject
Project("{FAE04EC0-301F-11D3-BF4B-00C04F79EFBC}") = "MyFirstWinFormsProject", "..\MyFirstWinFormsProject\MyFirstWinFormsProject\MyFirstWinFormsProject.csproj", "{91D5FF1D-275D-4221-8E28-A2EE88CB9B91}"
EndProject
Project("{FAE04EC0-301F-11D3-BF4B-00C04F79EFBC}") = "Multi-Note Notepad", "Multi-Note Notepad\Multi-Note Notepad.csproj", "{EF7C204D-E44B-432E-A61B-53E3EAE49701}"
EndProject
Project("{2150E333-8FDC-42A3-9474-1A3956D46DE8}") = "pizza station", "pizza station", "{26DBDD12-5FA3-441E-A035-78EDF61C0A40}"
EndProject
Project("{2150E333-8FDC-42A3-9474-1A3956D46DE8}") = "MultiNoteNotepad", "MultiNoteNotepad", "{4F25A895-DFBD-4435-897F-BCFDCDA4A8C1}"
EndProject
Project("{2150E333-8FDC-42A3-9474-1A3956D46DE8}") = "Solution Items", "Solution Items", "{8EC462FD-D22E-90A8-E5CE-7E832BA40C5D}"
	ProjectSection(SolutionItems) = preProject
		README.md = README.md
	EndProjectSection
EndProject
Global
	GlobalSection(SolutionConfigurationPlatforms) = preSolution
		Debug|Any CPU = Debug|Any CPU
		Release|Any CPU = Release|Any CPU
	EndGlobalSection
	GlobalSection(ProjectConfigurationPlatforms) = postSolution
		{8740B7BC-4CEE-4BC0-ACCA-0AB212F4FBDA}.Debug|Any CPU.ActiveCfg = Debug|Any CPU
		{8740B7BC-4CEE-4BC0-ACCA-0AB212F4FBDA}.Debug|Any CPU.Build.0 = Debug|Any CPU
		{8740B7BC-4CEE-4BC0-ACCA-0AB212F4FBDA}.Release|Any CPU.ActiveCfg = Release|Any CPU
		{8740B7BC-4CEE-4BC0-ACCA-0AB212F4FBDA}.Release|Any CPU.Build.0 = Release|Any CPU
		{D730642E-BE40-4F32-B4D0-15BA1D87FD95}.Debug|Any CPU.ActiveCfg = Debug|Any CPU
		{D730642E-BE40-4F32-B4D0-15BA1D87FD95}.Debug|Any CPU.Build.0 = Debug|Any CPU
		{D730642E-BE40-4F32-B4D0-15BA1D87FD95}.Release|Any CPU.ActiveCfg = Release|Any CPU
		{D730642E-BE40-4F32-B4D0-15BA1D87FD95}.Release|Any CPU.Build.0 = Release|Any CPU
		{F07C891B-EB5C-452F-84F8-8B67BF4BF099}.Debug|Any CPU.ActiveCfg = Debug|Any CPU
		{F07C891B-EB5C-452F-84F8-8B67BF4BF099}.Debug|Any CPU.Build.0 = Debug|Any CPU
		{F07C891B-EB5C-452F-84F8-8B67BF4BF099}.Release|Any CPU.ActiveCfg = Release|Any CPU
		{F07C891B-EB5C-452F-84F8-8B67BF4BF099}.Release|Any CPU.Build.0 = Release|Any CPU
		{97476078-F2FB-45CF-BC89-F984410CD684}.Debug|Any CPU.ActiveCfg = Debug|Any CPU
		{97476078-F2FB-45CF-BC89-F984410CD684}.Debug|Any CPU.Build.0 = Debug|Any CPU
		{97476078-F2FB-45CF-BC89-F984410CD684}.Release|Any CPU.ActiveCfg = Release|Any CPU
		{97476078-F2FB-45CF-BC89-F984410CD684}.Release|Any CPU.Build.0 = Release|Any CPU
		{CFF9DFED-F5A5-463B-A146-B4FD4F258C0E}.Debug|Any CPU.ActiveCfg = Debug|Any CPU
		{CFF9DFED-F5A5-463B-A146-B4FD4F258C0E}.Debug|Any CPU.Build.0 = Debug|Any CPU
		{CFF9DFED-F5A5-463B-A146-B4FD4F258C0E}.Release|Any CPU.ActiveCfg = Release|Any CPU
		{CFF9DFED-F5A5-463B-A146-B4FD4F258C0E}.Release|Any CPU.Build.0 = Release|Any CPU
		{42DE89F7-056F-4074-98A6-FB63ED0B9A68}.Debug|Any CPU.ActiveCfg = Debug|Any CPU
		{42DE89F7-056F-4074-98A6-FB63ED0B9A68}.Debug|Any CPU.Build.0 = Debug|Any CPU
		{42DE89F7-056F-4074-98A6-FB63ED0B9A68}.Release|Any CPU.ActiveCfg = Release|Any CPU
		{42DE89F7-056F-4074-98A6-FB63ED0B9A68}.Release|Any CPU.Build.0 = Release|Any CPU
		{3B0CD0DB-B160-4D09-B174-FCFC9E83B915}.Debug|Any CPU.ActiveCfg = Debug|Any CPU
		{3B0CD0DB-B160-4D09-B174-FCFC9E83B915}.Debug|Any CPU.Build.0 = Debug|Any CPU
		{3B0CD0DB-B160-4D09-B174-FCFC9E83B915}.Release|Any CPU.ActiveCfg = Release|Any CPU
		{3B0CD0DB-B160-4D09-B174-FCFC9E83B915}.Release|Any CPU.Build.0 = Release|Any CPU
		{75E1CE64-192F-44AC-9B22-D3186D667D2A}.Debug|Any CPU.ActiveCfg = Debug|Any CPU
		{75E1CE64-192F-44AC-9B22-D3186D667D2A}.Debug|Any CPU.Build.0 = Debug|Any CPU
		{75E1CE64-192F-44AC-9B22-D3186D667D2A}.Release|Any CPU.ActiveCfg = Release|Any CPU
		{75E1CE64-192F-44AC-9B22-D3186D667D2A}.Release|Any CPU.Build.0 = Release|Any CPU
		{C1EFA09A-4FFC-49FB-9F88-CEE717812634}.Debug|Any CPU.ActiveCfg = Debug|Any CPU
		{C1EFA09A-4FFC-49FB-9F88-CEE717812634}.Debug|Any CPU.Build.0 = Debug|Any CPU
		{C1EFA09A-4FFC-49FB-9F88-CEE717812634}.Release|Any CPU.ActiveCfg = Release|Any CPU
		{C1EFA09A-4FFC-49FB-9F88-CEE717812634}.Release|Any CPU.Build.0 = Release|Any CPU
		{078BF454-297C-43EF-8D92-CEA12D95EF22}.Debug|Any CPU.ActiveCfg = Debug|Any CPU
		{078BF454-297C-43EF-8D92-CEA12D95EF22}.Debug|Any CPU.Build.0 = Debug|Any CPU
		{078BF454-297C-43EF-8D92-CEA12D95EF22}.Release|Any CPU.ActiveCfg = Release|Any CPU
		{078BF454-297C-43EF-8D92-CEA12D95EF22}.Release|Any CPU.Build.0 = Release|Any CPU
		{26FB9720-BC68-42AD-BBB9-5AC726322BD2}.Debug|Any CPU.ActiveCfg = Debug|Any CPU
		{26FB9720-BC68-42AD-BBB9-5AC726322BD2}.Debug|Any CPU.Build.0 = Debug|Any CPU
		{26FB9720-BC68-42AD-BBB9-5AC726322BD2}.Release|Any CPU.ActiveCfg = Release|Any CPU
		{26FB9720-BC68-42AD-BBB9-5AC726322BD2}.Release|Any CPU.Build.0 = Release|Any CPU
		{CF142600-501D-4B57-AE8C-FB95E3E19B57}.Debug|Any CPU.ActiveCfg = Debug|Any CPU
		{CF142600-501D-4B57-AE8C-FB95E3E19B57}.Debug|Any CPU.Build.0 = Debug|Any CPU
		{CF142600-501D-4B57-AE8C-FB95E3E19B57}.Release|Any CPU.ActiveCfg = Release|Any CPU
		{CF142600-501D-4B57-AE8C-FB95E3E19B57}.Release|Any CPU.Build.0 = Release|Any CPU
		{56DC622B-A985-4CE8-88F6-780386735A9E}.Debug|Any CPU.ActiveCfg = Debug|Any CPU
		{56DC622B-A985-4CE8-88F6-780386735A9E}.Debug|Any CPU.Build.0 = Debug|Any CPU
		{56DC622B-A985-4CE8-88F6-780386735A9E}.Release|Any CPU.ActiveCfg = Release|Any CPU
		{56DC622B-A985-4CE8-88F6-780386735A9E}.Release|Any CPU.Build.0 = Release|Any CPU
		{E2B7DC41-36CB-4133-983B-D450FCB07B9F}.Debug|Any CPU.ActiveCfg = Debug|Any CPU
		{E2B7DC41-36CB-4133-983B-D450FCB07B9F}.Debug|Any CPU.Build.0 = Debug|Any CPU
		{E2B7DC41-36CB-4133-983B-D450FCB07B9F}.Release|Any CPU.ActiveCfg = Release|Any CPU
		{E2B7DC41-36CB-4133-983B-D450FCB07B9F}.Release|Any CPU.Build.0 = Release|Any CPU
		{57419C6C-20ED-47EC-A199-780A4953D108}.Debug|Any CPU.ActiveCfg = Debug|Any CPU
		{57419C6C-20ED-47EC-A199-780A4953D108}.Debug|Any CPU.Build.0 = Debug|Any CPU
		{57419C6C-20ED-47EC-A199-780A4953D108}.Release|Any CPU.ActiveCfg = Release|Any CPU
		{57419C6C-20ED-47EC-A199-780A4953D108}.Release|Any CPU.Build.0 = Release|Any CPU
		{0CB9C727-24CE-41E8-8D27-2CEE135F4A2C}.Debug|Any CPU.ActiveCfg = Debug|Any CPU
		{0CB9C727-24CE-41E8-8D27-2CEE135F4A2C}.Debug|Any CPU.Build.0 = Debug|Any CPU
		{0CB9C727-24CE-41E8-8D27-2CEE135F4A2C}.Release|Any CPU.ActiveCfg = Release|Any CPU
		{0CB9C727-24CE-41E8-8D27-2CEE135F4A2C}.Release|Any CPU.Build.0 = Release|Any CPU
		{865B2C19-505C-4C2C-A129-222ED3863E7C}.Debug|Any CPU.ActiveCfg = Debug|Any CPU
		{865B2C19-505C-4C2C-A129-222ED3863E7C}.Debug|Any CPU.Build.0 = Debug|Any CPU
		{865B2C19-505C-4C2C-A129-222ED3863E7C}.Release|Any CPU.ActiveCfg = Release|Any CPU
		{865B2C19-505C-4C2C-A129-222ED3863E7C}.Release|Any CPU.Build.0 = Release|Any CPU
		{E579D878-5365-4EFE-8565-F3D284E1E185}.Debug|Any CPU.ActiveCfg = Debug|Any CPU
		{E579D878-5365-4EFE-8565-F3D284E1E185}.Debug|Any CPU.Build.0 = Debug|Any CPU
		{E579D878-5365-4EFE-8565-F3D284E1E185}.Release|Any CPU.ActiveCfg = Release|Any CPU
		{E579D878-5365-4EFE-8565-F3D284E1E185}.Release|Any CPU.Build.0 = Release|Any CPU
		{305552DE-E690-48E8-84DA-F243DD6CD71D}.Debug|Any CPU.ActiveCfg = Debug|Any CPU
		{305552DE-E690-48E8-84DA-F243DD6CD71D}.Debug|Any CPU.Build.0 = Debug|Any CPU
		{305552DE-E690-48E8-84DA-F243DD6CD71D}.Release|Any CPU.ActiveCfg = Release|Any CPU
		{305552DE-E690-48E8-84DA-F243DD6CD71D}.Release|Any CPU.Build.0 = Release|Any CPU
		{91D5FF1D-275D-4221-8E28-A2EE88CB9B91}.Debug|Any CPU.ActiveCfg = Debug|Any CPU
		{91D5FF1D-275D-4221-8E28-A2EE88CB9B91}.Debug|Any CPU.Build.0 = Debug|Any CPU
		{91D5FF1D-275D-4221-8E28-A2EE88CB9B91}.Release|Any CPU.ActiveCfg = Release|Any CPU
		{91D5FF1D-275D-4221-8E28-A2EE88CB9B91}.Release|Any CPU.Build.0 = Release|Any CPU
		{EF7C204D-E44B-432E-A61B-53E3EAE49701}.Debug|Any CPU.ActiveCfg = Debug|Any CPU
		{EF7C204D-E44B-432E-A61B-53E3EAE49701}.Debug|Any CPU.Build.0 = Debug|Any CPU
		{EF7C204D-E44B-432E-A61B-53E3EAE49701}.Release|Any CPU.ActiveCfg = Release|Any CPU
		{EF7C204D-E44B-432E-A61B-53E3EAE49701}.Release|Any CPU.Build.0 = Release|Any CPU
	EndGlobalSection
	GlobalSection(SolutionProperties) = preSolution
		HideSolutionNode = FALSE
	EndGlobalSection
	GlobalSection(NestedProjects) = preSolution
		{8740B7BC-4CEE-4BC0-ACCA-0AB212F4FBDA} = {02EA681E-C7D8-13C7-8484-4AC65E1B71E8}
		{D730642E-BE40-4F32-B4D0-15BA1D87FD95} = {02EA681E-C7D8-13C7-8484-4AC65E1B71E8}
		{F07C891B-EB5C-452F-84F8-8B67BF4BF099} = {02EA681E-C7D8-13C7-8484-4AC65E1B71E8}
		{97476078-F2FB-45CF-BC89-F984410CD684} = {02EA681E-C7D8-13C7-8484-4AC65E1B71E8}
		{CFF9DFED-F5A5-463B-A146-B4FD4F258C0E} = {02EA681E-C7D8-13C7-8484-4AC65E1B71E8}
		{42DE89F7-056F-4074-98A6-FB63ED0B9A68} = {02EA681E-C7D8-13C7-8484-4AC65E1B71E8}
		{3B0CD0DB-B160-4D09-B174-FCFC9E83B915} = {02EA681E-C7D8-13C7-8484-4AC65E1B71E8}
		{75E1CE64-192F-44AC-9B22-D3186D667D2A} = {02EA681E-C7D8-13C7-8484-4AC65E1B71E8}
		{C1EFA09A-4FFC-49FB-9F88-CEE717812634} = {02EA681E-C7D8-13C7-8484-4AC65E1B71E8}
		{078BF454-297C-43EF-8D92-CEA12D95EF22} = {02EA681E-C7D8-13C7-8484-4AC65E1B71E8}
		{26FB9720-BC68-42AD-BBB9-5AC726322BD2} = {02EA681E-C7D8-13C7-8484-4AC65E1B71E8}
		{CF142600-501D-4B57-AE8C-FB95E3E19B57} = {02EA681E-C7D8-13C7-8484-4AC65E1B71E8}
		{56DC622B-A985-4CE8-88F6-780386735A9E} = {02EA681E-C7D8-13C7-8484-4AC65E1B71E8}
		{E2B7DC41-36CB-4133-983B-D450FCB07B9F} = {02EA681E-C7D8-13C7-8484-4AC65E1B71E8}
		{57419C6C-20ED-47EC-A199-780A4953D108} = {02EA681E-C7D8-13C7-8484-4AC65E1B71E8}
		{0CB9C727-24CE-41E8-8D27-2CEE135F4A2C} = {02EA681E-C7D8-13C7-8484-4AC65E1B71E8}
		{865B2C19-505C-4C2C-A129-222ED3863E7C} = {48A7AD1E-7714-4571-8762-D57F4250626E}
		{E579D878-5365-4EFE-8565-F3D284E1E185} = {350716AE-A26A-4C3E-AEEC-D919E9AFC0E2}
		{350716AE-A26A-4C3E-AEEC-D919E9AFC0E2} = {26DBDD12-5FA3-441E-A035-78EDF61C0A40}
		{305552DE-E690-48E8-84DA-F243DD6CD71D} = {F20C5F75-5D9B-47AB-8EFA-F3586A1CABC1}
		{91D5FF1D-275D-4221-8E28-A2EE88CB9B91} = {48A7AD1E-7714-4571-8762-D57F4250626E}
	EndGlobalSection
	GlobalSection(ExtensibilityGlobals) = postSolution
		SolutionGuid = {49D86A4A-8983-45BD-B432-02276D274567}
	EndGlobalSection
EndGlobal
